// !$*UTF8*$!
{
	archiveVersion = 1;
	classes = {
	};
	objectVersion = 46;
	objects = {

/* Begin PBXBuildFile section */
		520954831ECBAEE600562C75 /* ImagePallete.swift in Sources */ = {isa = PBXBuildFile; fileRef = 520954821ECBAEE600562C75 /* ImagePallete.swift */; };
		520954851ED3A92D00562C75 /* tuican.jpg in Resources */ = {isa = PBXBuildFile; fileRef = 520954841ED3A92D00562C75 /* tuican.jpg */; };
		5247C9A21EFB271E00308F98 /* RunningAverage.swift in Sources */ = {isa = PBXBuildFile; fileRef = 5247C9A11EFB271E00308F98 /* RunningAverage.swift */; };
		52C650341ECA60FB003CD429 /* AppDelegate.swift in Sources */ = {isa = PBXBuildFile; fileRef = 52C650331ECA60FB003CD429 /* AppDelegate.swift */; };
		52C650361ECA60FB003CD429 /* ViewController.swift in Sources */ = {isa = PBXBuildFile; fileRef = 52C650351ECA60FB003CD429 /* ViewController.swift */; };
		52C650391ECA60FB003CD429 /* Main.storyboard in Resources */ = {isa = PBXBuildFile; fileRef = 52C650371ECA60FB003CD429 /* Main.storyboard */; };
		52C6503B1ECA60FB003CD429 /* Assets.xcassets in Resources */ = {isa = PBXBuildFile; fileRef = 52C6503A1ECA60FB003CD429 /* Assets.xcassets */; };
		52C6503E1ECA60FB003CD429 /* LaunchScreen.storyboard in Resources */ = {isa = PBXBuildFile; fileRef = 52C6503C1ECA60FB003CD429 /* LaunchScreen.storyboard */; };
		52C650461ECA65F6003CD429 /* Pixel.swift in Sources */ = {isa = PBXBuildFile; fileRef = 52C650451ECA65F6003CD429 /* Pixel.swift */; };
/* End PBXBuildFile section */

/* Begin PBXFileReference section */
		520954821ECBAEE600562C75 /* ImagePallete.swift */ = {isa = PBXFileReference; fileEncoding = 4; lastKnownFileType = sourcecode.swift; path = ImagePallete.swift; sourceTree = "<group>"; };
		520954841ED3A92D00562C75 /* tuican.jpg */ = {isa = PBXFileReference; lastKnownFileType = image.jpeg; path = tuican.jpg; sourceTree = "<group>"; };
		5247C9A11EFB271E00308F98 /* RunningAverage.swift */ = {isa = PBXFileReference; fileEncoding = 4; lastKnownFileType = sourcecode.swift; path = RunningAverage.swift; sourceTree = "<group>"; };
		52C650301ECA60FB003CD429 /* pallete.app */ = {isa = PBXFileReference; explicitFileType = wrapper.application; includeInIndex = 0; path = pallete.app; sourceTree = BUILT_PRODUCTS_DIR; };
		52C650331ECA60FB003CD429 /* AppDelegate.swift */ = {isa = PBXFileReference; lastKnownFileType = sourcecode.swift; path = AppDelegate.swift; sourceTree = "<group>"; };
		52C650351ECA60FB003CD429 /* ViewController.swift */ = {isa = PBXFileReference; lastKnownFileType = sourcecode.swift; path = ViewController.swift; sourceTree = "<group>"; };
		52C650381ECA60FB003CD429 /* Base */ = {isa = PBXFileReference; lastKnownFileType = file.storyboard; name = Base; path = Base.lproj/Main.storyboard; sourceTree = "<group>"; };
		52C6503A1ECA60FB003CD429 /* Assets.xcassets */ = {isa = PBXFileReference; lastKnownFileType = folder.assetcatalog; path = Assets.xcassets; sourceTree = "<group>"; };
		52C6503D1ECA60FB003CD429 /* Base */ = {isa = PBXFileReference; lastKnownFileType = file.storyboard; name = Base; path = Base.lproj/LaunchScreen.storyboard; sourceTree = "<group>"; };
		52C6503F1ECA60FB003CD429 /* Info.plist */ = {isa = PBXFileReference; lastKnownFileType = text.plist.xml; path = Info.plist; sourceTree = "<group>"; };
		52C650451ECA65F6003CD429 /* Pixel.swift */ = {isa = PBXFileReference; fileEncoding = 4; lastKnownFileType = sourcecode.swift; path = Pixel.swift; sourceTree = "<group>"; };
/* End PBXFileReference section */

/* Begin PBXFrameworksBuildPhase section */
		52C6502D1ECA60FB003CD429 /* Frameworks */ = {
			isa = PBXFrameworksBuildPhase;
			buildActionMask = 2147483647;
			files = (
			);
			runOnlyForDeploymentPostprocessing = 0;
		};
/* End PBXFrameworksBuildPhase section */

/* Begin PBXGroup section */
		52C650271ECA60FB003CD429 = {
			isa = PBXGroup;
			children = (
				52C650321ECA60FB003CD429 /* pallete */,
				52C650311ECA60FB003CD429 /* Products */,
			);
			sourceTree = "<group>";
		};
		52C650311ECA60FB003CD429 /* Products */ = {
			isa = PBXGroup;
			children = (
				52C650301ECA60FB003CD429 /* pallete.app */,
			);
			name = Products;
			sourceTree = "<group>";
		};
		52C650321ECA60FB003CD429 /* pallete */ = {
			isa = PBXGroup;
			children = (
				52C650331ECA60FB003CD429 /* AppDelegate.swift */,
				52C650351ECA60FB003CD429 /* ViewController.swift */,
				52C650371ECA60FB003CD429 /* Main.storyboard */,
				52C6503A1ECA60FB003CD429 /* Assets.xcassets */,
				52C6503C1ECA60FB003CD429 /* LaunchScreen.storyboard */,
				52C6503F1ECA60FB003CD429 /* Info.plist */,
				52C650451ECA65F6003CD429 /* Pixel.swift */,
				520954821ECBAEE600562C75 /* ImagePallete.swift */,
				520954841ED3A92D00562C75 /* tuican.jpg */,
				5247C9A11EFB271E00308F98 /* RunningAverage.swift */,
			);
			path = pallete;
			sourceTree = "<group>";
		};
/* End PBXGroup section */

/* Begin PBXNativeTarget section */
		52C6502F1ECA60FB003CD429 /* pallete */ = {
			isa = PBXNativeTarget;
			buildConfigurationList = 52C650421ECA60FB003CD429 /* Build configuration list for PBXNativeTarget "pallete" */;
			buildPhases = (
				52C6502C1ECA60FB003CD429 /* Sources */,
				52C6502D1ECA60FB003CD429 /* Frameworks */,
				52C6502E1ECA60FB003CD429 /* Resources */,
			);
			buildRules = (
			);
			dependencies = (
			);
			name = pallete;
			productName = pallete;
			productReference = 52C650301ECA60FB003CD429 /* pallete.app */;
			productType = "com.apple.product-type.application";
		};
/* End PBXNativeTarget section */

/* Begin PBXProject section */
		52C650281ECA60FB003CD429 /* Project object */ = {
			isa = PBXProject;
			attributes = {
				LastSwiftUpdateCheck = 0830;
				LastUpgradeCheck = 0920;
				ORGANIZATIONNAME = "Antonie Jovanoski";
				TargetAttributes = {
					52C6502F1ECA60FB003CD429 = {
						CreatedOnToolsVersion = 8.3.2;
						DevelopmentTeam = 9XA2D6V342;
						LastSwiftMigration = 0920;
						ProvisioningStyle = Automatic;
					};
				};
			};
			buildConfigurationList = 52C6502B1ECA60FB003CD429 /* Build configuration list for PBXProject "pallete" */;
			compatibilityVersion = "Xcode 3.2";
			developmentRegion = English;
			hasScannedForEncodings = 0;
			knownRegions = (
				en,
				Base,
			);
			mainGroup = 52C650271ECA60FB003CD429;
			productRefGroup = 52C650311ECA60FB003CD429 /* Products */;
			projectDirPath = "";
			projectRoot = "";
			targets = (
				52C6502F1ECA60FB003CD429 /* pallete */,
			);
		};
/* End PBXProject section */

/* Begin PBXResourcesBuildPhase section */
		52C6502E1ECA60FB003CD429 /* Resources */ = {
			isa = PBXResourcesBuildPhase;
			buildActionMask = 2147483647;
			files = (
				52C6503E1ECA60FB003CD429 /* LaunchScreen.storyboard in Resources */,
				520954851ED3A92D00562C75 /* tuican.jpg in Resources */,
				52C6503B1ECA60FB003CD429 /* Assets.xcassets in Resources */,
				52C650391ECA60FB003CD429 /* Main.storyboard in Resources */,
			);
			runOnlyForDeploymentPostprocessing = 0;
		};
/* End PBXResourcesBuildPhase section */

/* Begin PBXSourcesBuildPhase section */
		52C6502C1ECA60FB003CD429 /* Sources */ = {
			isa = PBXSourcesBuildPhase;
			buildActionMask = 2147483647;
			files = (
				52C650361ECA60FB003CD429 /* ViewController.swift in Sources */,
				520954831ECBAEE600562C75 /* ImagePallete.swift in Sources */,
				52C650461ECA65F6003CD429 /* Pixel.swift in Sources */,
				52C650341ECA60FB003CD429 /* AppDelegate.swift in Sources */,
				5247C9A21EFB271E00308F98 /* RunningAverage.swift in Sources */,
			);
			runOnlyForDeploymentPostprocessing = 0;
		};
/* End PBXSourcesBuildPhase section */

/* Begin PBXVariantGroup section */
		52C650371ECA60FB003CD429 /* Main.storyboard */ = {
			isa = PBXVariantGroup;
			children = (
				52C650381ECA60FB003CD429 /* Base */,
			);
			name = Main.storyboard;
			sourceTree = "<group>";
		};
		52C6503C1ECA60FB003CD429 /* LaunchScreen.storyboard */ = {
			isa = PBXVariantGroup;
			children = (
				52C6503D1ECA60FB003CD429 /* Base */,
			);
			name = LaunchScreen.storyboard;
			sourceTree = "<group>";
		};
/* End PBXVariantGroup section */

/* Begin XCBuildConfiguration section */
		52C650401ECA60FB003CD429 /* Debug */ = {
			isa = XCBuildConfiguration;
			buildSettings = {
				ALWAYS_SEARCH_USER_PATHS = NO;
				CLANG_ANALYZER_NONNULL = YES;
				CLANG_ANALYZER_NUMBER_OBJECT_CONVERSION = YES_AGGRESSIVE;
				CLANG_CXX_LANGUAGE_STANDARD = "gnu++0x";
				CLANG_CXX_LIBRARY = "libc++";
				CLANG_ENABLE_MODULES = YES;
				CLANG_ENABLE_OBJC_ARC = YES;
				CLANG_WARN_BLOCK_CAPTURE_AUTORELEASING = YES;
				CLANG_WARN_BOOL_CONVERSION = YES;
				CLANG_WARN_COMMA = YES;
				CLANG_WARN_CONSTANT_CONVERSION = YES;
				CLANG_WARN_DIRECT_OBJC_ISA_USAGE = YES_ERROR;
				CLANG_WARN_DOCUMENTATION_COMMENTS = YES;
				CLANG_WARN_EMPTY_BODY = YES;
				CLANG_WARN_ENUM_CONVERSION = YES;
				CLANG_WARN_INFINITE_RECURSION = YES;
				CLANG_WARN_INT_CONVERSION = YES;
				CLANG_WARN_NON_LITERAL_NULL_CONVERSION = YES;
				CLANG_WARN_OBJC_LITERAL_CONVERSION = YES;
				CLANG_WARN_OBJC_ROOT_CLASS = YES_ERROR;
				CLANG_WARN_RANGE_LOOP_ANALYSIS = YES;
				CLANG_WARN_STRICT_PROTOTYPES = YES;
				CLANG_WARN_SUSPICIOUS_MOVE = YES;
				CLANG_WARN_UNREACHABLE_CODE = YES;
				CLANG_WARN__DUPLICATE_METHOD_MATCH = YES;
				"CODE_SIGN_IDENTITY[sdk=iphoneos*]" = "iPhone Developer";
				COPY_PHASE_STRIP = NO;
				DEBUG_INFORMATION_FORMAT = dwarf;
				ENABLE_STRICT_OBJC_MSGSEND = YES;
				ENABLE_TESTABILITY = YES;
				GCC_C_LANGUAGE_STANDARD = gnu99;
				GCC_DYNAMIC_NO_PIC = NO;
				GCC_NO_COMMON_BLOCKS = YES;
				GCC_OPTIMIZATION_LEVEL = 0;
				GCC_PREPROCESSOR_DEFINITIONS = (
					"DEBUG=1",
					"$(inherited)",
				);
				GCC_WARN_64_TO_32_BIT_CONVERSION = YES;
				GCC_WARN_ABOUT_RETURN_TYPE = YES_ERROR;
				GCC_WARN_UNDECLARED_SELECTOR = YES;
				GCC_WARN_UNINITIALIZED_AUTOS = YES_AGGRESSIVE;
				GCC_WARN_UNUSED_FUNCTION = YES;
				GCC_WARN_UNUSED_VARIABLE = YES;
				IPHONEOS_DEPLOYMENT_TARGET = 11.0;
				MTL_ENABLE_DEBUG_INFO = YES;
				ONLY_ACTIVE_ARCH = YES;
				SDKROOT = iphoneos;
				SWIFT_ACTIVE_COMPILATION_CONDITIONS = DEBUG;
				SWIFT_OPTIMIZATION_LEVEL = "-Onone";
				SWIFT_VERSION = 4.0;
				TARGETED_DEVICE_FAMILY = "1,2";
			};
			name = Debug;
		};
		52C650411ECA60FB003CD429 /* Release */ = {
			isa = XCBuildConfiguration;
			buildSettings = {
				ALWAYS_SEARCH_USER_PATHS = NO;
				CLANG_ANALYZER_NONNULL = YES;
				CLANG_ANALYZER_NUMBER_OBJECT_CONVERSION = YES_AGGRESSIVE;
				CLANG_CXX_LANGUAGE_STANDARD = "gnu++0x";
				CLANG_CXX_LIBRARY = "libc++";
				CLANG_ENABLE_MODULES = YES;
				CLANG_ENABLE_OBJC_ARC = YES;
				CLANG_WARN_BLOCK_CAPTURE_AUTORELEASING = YES;
				CLANG_WARN_BOOL_CONVERSION = YES;
				CLANG_WARN_COMMA = YES;
				CLANG_WARN_CONSTANT_CONVERSION = YES;
				CLANG_WARN_DIRECT_OBJC_ISA_USAGE = YES_ERROR;
				CLANG_WARN_DOCUMENTATION_COMMENTS = YES;
				CLANG_WARN_EMPTY_BODY = YES;
				CLANG_WARN_ENUM_CONVERSION = YES;
				CLANG_WARN_INFINITE_RECURSION = YES;
				CLANG_WARN_INT_CONVERSION = YES;
				CLANG_WARN_NON_LITERAL_NULL_CONVERSION = YES;
				CLANG_WARN_OBJC_LITERAL_CONVERSION = YES;
				CLANG_WARN_OBJC_ROOT_CLASS = YES_ERROR;
				CLANG_WARN_RANGE_LOOP_ANALYSIS = YES;
				CLANG_WARN_STRICT_PROTOTYPES = YES;
				CLANG_WARN_SUSPICIOUS_MOVE = YES;
				CLANG_WARN_UNREACHABLE_CODE = YES;
				CLANG_WARN__DUPLICATE_METHOD_MATCH = YES;
				"CODE_SIGN_IDENTITY[sdk=iphoneos*]" = "iPhone Developer";
				COPY_PHASE_STRIP = NO;
				DEBUG_INFORMATION_FORMAT = "dwarf-with-dsym";
				ENABLE_NS_ASSERTIONS = NO;
				ENABLE_STRICT_OBJC_MSGSEND = YES;
				GCC_C_LANGUAGE_STANDARD = gnu99;
				GCC_NO_COMMON_BLOCKS = YES;
				GCC_WARN_64_TO_32_BIT_CONVERSION = YES;
				GCC_WARN_ABOUT_RETURN_TYPE = YES_ERROR;
				GCC_WARN_UNDECLARED_SELECTOR = YES;
				GCC_WARN_UNINITIALIZED_AUTOS = YES_AGGRESSIVE;
				GCC_WARN_UNUSED_FUNCTION = YES;
				GCC_WARN_UNUSED_VARIABLE = YES;
				IPHONEOS_DEPLOYMENT_TARGET = 11.0;
				MTL_ENABLE_DEBUG_INFO = NO;
				SDKROOT = iphoneos;
				SWIFT_OPTIMIZATION_LEVEL = "-Owholemodule";
				SWIFT_VERSION = 4.0;
				TARGETED_DEVICE_FAMILY = "1,2";
				VALIDATE_PRODUCT = YES;
			};
			name = Release;
		};
		52C650431ECA60FB003CD429 /* Debug */ = {
			isa = XCBuildConfiguration;
			buildSettings = {
				ASSETCATALOG_COMPILER_APPICON_NAME = AppIcon;
				DEVELOPMENT_TEAM = 9XA2D6V342;
				INFOPLIST_FILE = pallete/Info.plist;
				LD_RUNPATH_SEARCH_PATHS = "$(inherited) @executable_path/Frameworks";
				PRODUCT_BUNDLE_IDENTIFIER = com.antonie.pallete;
				PRODUCT_NAME = "$(TARGET_NAME)";
				SWIFT_SWIFT3_OBJC_INFERENCE = Default;
				SWIFT_VERSION = 4.0;
			};
			name = Debug;
		};
		52C650441ECA60FB003CD429 /* Release */ = {
			isa = XCBuildConfiguration;
			buildSettings = {
				ASSETCATALOG_COMPILER_APPICON_NAME = AppIcon;
				DEVELOPMENT_TEAM = 9XA2D6V342;
				INFOPLIST_FILE = pallete/Info.plist;
				LD_RUNPATH_SEARCH_PATHS = "$(inherited) @executable_path/Frameworks";
				PRODUCT_BUNDLE_IDENTIFIER = com.antonie.pallete;
				PRODUCT_NAME = "$(TARGET_NAME)";
				SWIFT_SWIFT3_OBJC_INFERENCE = Default;
				SWIFT_VERSION = 4.0;
			};
			name = Release;
		};
/* End XCBuildConfiguration section */

/* Begin XCConfigurationList section */
		52C6502B1ECA60FB003CD429 /* Build configuration list for PBXProject "pallete" */ = {
			isa = XCConfigurationList;
			buildConfigurations = (
				52C650401ECA60FB003CD429 /* Debug */,
				52C650411ECA60FB003CD429 /* Release */,
			);
			defaultConfigurationIsVisible = 0;
			defaultConfigurationName = Release;
		};
		52C650421ECA60FB003CD429 /* Build configuration list for PBXNativeTarget "pallete" */ = {
			isa = XCConfigurationList;
			buildConfigurations = (
				52C650431ECA60FB003CD429 /* Debug */,
				52C650441ECA60FB003CD429 /* Release */,
			);
			defaultConfigurationIsVisible = 0;
			defaultConfigurationName = Release;
		};
/* End XCConfigurationList section */
	};
	rootObject = 52C650281ECA60FB003CD429 /* Project object */;
}
